
Microsoft Visual Studio Solution File, Format Version 12.00
# Visual Studio Version 17
VisualStudioVersion = 17.3.32929.385
MinimumVisualStudioVersion = 10.0.40219.1
Project("{FAE04EC0-301F-11D3-BF4B-00C04F79EFBC}") = "DrawingAppASE", "DrawingAppASE\DrawingAppASE.csproj", "{1B1B1519-D561-4A64-8F91-0220C14E505B}"
EndProject
Global
	GlobalSection(SolutionConfigurationPlatforms) = preSolution
		Debug|Any CPU = Debug|Any CPU
		Release|Any CPU = Release|Any CPU
	EndGlobalSection
	GlobalSection(ProjectConfigurationPlatforms) = postSolution
		{1B1B1519-D561-4A64-8F91-0220C14E505B}.Debug|Any CPU.ActiveCfg = Debug|Any CPU
		{1B1B1519-D561-4A64-8F91-0220C14E505B}.Debug|Any CPU.Build.0 = Debug|Any CPU
		{1B1B1519-D561-4A64-8F91-0220C14E505B}.Release|Any CPU.ActiveCfg = Release|Any CPU
		{1B1B1519-D561-4A64-8F91-0220C14E505B}.Release|Any CPU.Build.0 = Release|Any CPU
	EndGlobalSection
	GlobalSection(SolutionProperties) = preSolution
		HideSolutionNode = FALSE
	EndGlobalSection
	GlobalSection(ExtensibilityGlobals) = postSolution
		SolutionGuid = {0A5CB52F-BCC2-4903-B1BE-B3DED62EFC3C}
	EndGlobalSection
EndGlobal
